Microsoft Visual Studio Solution File, Format Version 12.00
# Visual Studio Version 17
VisualStudioVersion = 17.5.2.0
MinimumVisualStudioVersion = 10.0.40219.1
Project("{FAE04EC0-301F-11D3-BF4B-00C04F79EFBC}") = "StringCalculator", "StringCalculator.csproj", "{047FC700-89C3-3476-DF07-94E613DC77E4}"
EndProject
Global
	GlobalSection(SolutionConfigurationPlatforms) = preSolution
		Debug|Any CPU = Debug|Any CPU
		Release|Any CPU = Release|Any CPU
	EndGlobalSection
	GlobalSection(ProjectConfigurationPlatforms) = postSolution
		{047FC700-89C3-3476-DF07-94E613DC77E4}.Debug|Any CPU.ActiveCfg = Debug|Any CPU
		{047FC700-89C3-3476-DF07-94E613DC77E4}.Debug|Any CPU.Build.0 = Debug|Any CPU
		{047FC700-89C3-3476-DF07-94E613DC77E4}.Release|Any CPU.ActiveCfg = Release|Any CPU
		{047FC700-89C3-3476-DF07-94E613DC77E4}.Release|Any CPU.Build.0 = Release|Any CPU
	EndGlobalSection
	GlobalSection(SolutionProperties) = preSolution
		HideSolutionNode = FALSE
	EndGlobalSection
	GlobalSection(ExtensibilityGlobals) = postSolution
		SolutionGuid = {6994D082-F129-4239-A435-7A35F809A0CE}
	EndGlobalSection
EndGlobal
